// !$*UTF8*$!
{
	archiveVersion = 1;
	classes = {
	};
	objectVersion = 55;
	objects = {

/* Begin PBXBuildFile section */
		4C116BB7277DA2FF005FEF5C /* DetailTopImageView.swift in Sources */ = {isa = PBXBuildFile; fileRef = 4C116BB6277DA2FF005FEF5C /* DetailTopImageView.swift */; };
		4C527922277AAEC5005ACED0 /* JPApexPredatorsApp.swift in Sources */ = {isa = PBXBuildFile; fileRef = 4C527921277AAEC5005ACED0 /* JPApexPredatorsApp.swift */; };
		4C527926277AAEC7005ACED0 /* Assets.xcassets in Resources */ = {isa = PBXBuildFile; fileRef = 4C527925277AAEC7005ACED0 /* Assets.xcassets */; };
		4C527929277AAEC7005ACED0 /* Preview Assets.xcassets in Resources */ = {isa = PBXBuildFile; fileRef = 4C527928277AAEC7005ACED0 /* Preview Assets.xcassets */; };
		4C527932277AAEF9005ACED0 /* MainView.swift in Sources */ = {isa = PBXBuildFile; fileRef = 4C527931277AAEF9005ACED0 /* MainView.swift */; };
		4C527934277AAF04005ACED0 /* DetailView.swift in Sources */ = {isa = PBXBuildFile; fileRef = 4C527933277AAF04005ACED0 /* DetailView.swift */; };
		4C527937277AB090005ACED0 /* ApexPredator.swift in Sources */ = {isa = PBXBuildFile; fileRef = 4C527936277AB090005ACED0 /* ApexPredator.swift */; };
		4C52793A277ACB54005ACED0 /* ApexPredatorsData.swift in Sources */ = {isa = PBXBuildFile; fileRef = 4C527939277ACB54005ACED0 /* ApexPredatorsData.swift */; };
		4C527940277AD206005ACED0 /* ApexPredatorCell.swift in Sources */ = {isa = PBXBuildFile; fileRef = 4C52793F277AD206005ACED0 /* ApexPredatorCell.swift */; };
		4C527943277AE3B4005ACED0 /* FilterMenuView.swift in Sources */ = {isa = PBXBuildFile; fileRef = 4C527942277AE3B4005ACED0 /* FilterMenuView.swift */; };
		4C527946277AE5DF005ACED0 /* ApexPredatorsViewModel.swift in Sources */ = {isa = PBXBuildFile; fileRef = 4C527945277AE5DF005ACED0 /* ApexPredatorsViewModel.swift */; };
		4C527948277B658D005ACED0 /* SortMenuView.swift in Sources */ = {isa = PBXBuildFile; fileRef = 4C527947277B658D005ACED0 /* SortMenuView.swift */; };
		4CE64083277D2B4E00283058 /* MovieSceneDescription.swift in Sources */ = {isa = PBXBuildFile; fileRef = 4CE64082277D2B4E00283058 /* MovieSceneDescription.swift */; };
		4CE64089277D4EA100283058 /* ApexPredators.json in Resources */ = {isa = PBXBuildFile; fileRef = 4CE64088277D4EA100283058 /* ApexPredators.json */; };
		4CE6408B277D54FA00283058 /* SceneDescriptionInfoView.swift in Sources */ = {isa = PBXBuildFile; fileRef = 4CE6408A277D54FA00283058 /* SceneDescriptionInfoView.swift */; };
		4CE6408D277D5DB800283058 /* AppAppearence.swift in Sources */ = {isa = PBXBuildFile; fileRef = 4CE6408C277D5DB800283058 /* AppAppearence.swift */; };
/* End PBXBuildFile section */

/* Begin PBXFileReference section */
		4C116BB6277DA2FF005FEF5C /* DetailTopImageView.swift */ = {isa = PBXFileReference; lastKnownFileType = sourcecode.swift; path = DetailTopImageView.swift; sourceTree = "<group>"; };
		4C52791E277AAEC5005ACED0 /* JPApexPredators.app */ = {isa = PBXFileReference; explicitFileType = wrapper.application; includeInIndex = 0; path = JPApexPredators.app; sourceTree = BUILT_PRODUCTS_DIR; };
		4C527921277AAEC5005ACED0 /* JPApexPredatorsApp.swift */ = {isa = PBXFileReference; lastKnownFileType = sourcecode.swift; path = JPApexPredatorsApp.swift; sourceTree = "<group>"; };
		4C527925277AAEC7005ACED0 /* Assets.xcassets */ = {isa = PBXFileReference; lastKnownFileType = folder.assetcatalog; path = Assets.xcassets; sourceTree = "<group>"; };
		4C527928277AAEC7005ACED0 /* Preview Assets.xcassets */ = {isa = PBXFileReference; lastKnownFileType = folder.assetcatalog; path = "Preview Assets.xcassets"; sourceTree = "<group>"; };
		4C527931277AAEF9005ACED0 /* MainView.swift */ = {isa = PBXFileReference; lastKnownFileType = sourcecode.swift; path = MainView.swift; sourceTree = "<group>"; };
		4C527933277AAF04005ACED0 /* DetailView.swift */ = {isa = PBXFileReference; lastKnownFileType = sourcecode.swift; path = DetailView.swift; sourceTree = "<group>"; };
		4C527936277AB090005ACED0 /* ApexPredator.swift */ = {isa = PBXFileReference; lastKnownFileType = sourcecode.swift; path = ApexPredator.swift; sourceTree = "<group>"; };
		4C527939277ACB54005ACED0 /* ApexPredatorsData.swift */ = {isa = PBXFileReference; lastKnownFileType = sourcecode.swift; path = ApexPredatorsData.swift; sourceTree = "<group>"; };
		4C52793F277AD206005ACED0 /* ApexPredatorCell.swift */ = {isa = PBXFileReference; lastKnownFileType = sourcecode.swift; path = ApexPredatorCell.swift; sourceTree = "<group>"; };
		4C527942277AE3B4005ACED0 /* FilterMenuView.swift */ = {isa = PBXFileReference; lastKnownFileType = sourcecode.swift; path = FilterMenuView.swift; sourceTree = "<group>"; };
		4C527945277AE5DF005ACED0 /* ApexPredatorsViewModel.swift */ = {isa = PBXFileReference; lastKnownFileType = sourcecode.swift; path = ApexPredatorsViewModel.swift; sourceTree = "<group>"; };
		4C527947277B658D005ACED0 /* SortMenuView.swift */ = {isa = PBXFileReference; lastKnownFileType = sourcecode.swift; path = SortMenuView.swift; sourceTree = "<group>"; };
		4CE64082277D2B4E00283058 /* MovieSceneDescription.swift */ = {isa = PBXFileReference; lastKnownFileType = sourcecode.swift; path = MovieSceneDescription.swift; sourceTree = "<group>"; };
		4CE64088277D4EA100283058 /* ApexPredators.json */ = {isa = PBXFileReference; fileEncoding = 4; lastKnownFileType = text.json; path = ApexPredators.json; sourceTree = "<group>"; };
		4CE6408A277D54FA00283058 /* SceneDescriptionInfoView.swift */ = {isa = PBXFileReference; lastKnownFileType = sourcecode.swift; path = SceneDescriptionInfoView.swift; sourceTree = "<group>"; };
		4CE6408C277D5DB800283058 /* AppAppearence.swift */ = {isa = PBXFileReference; lastKnownFileType = sourcecode.swift; path = AppAppearence.swift; sourceTree = "<group>"; };
/* End PBXFileReference section */

/* Begin PBXFrameworksBuildPhase section */
		4C52791B277AAEC5005ACED0 /* Frameworks */ = {
			isa = PBXFrameworksBuildPhase;
			buildActionMask = 2147483647;
			files = (
			);
			runOnlyForDeploymentPostprocessing = 0;
		};
/* End PBXFrameworksBuildPhase section */

/* Begin PBXGroup section */
		4C527915277AAEC5005ACED0 = {
			isa = PBXGroup;
			children = (
				4C527920277AAEC5005ACED0 /* JPApexPredators */,
				4C52791F277AAEC5005ACED0 /* Products */,
			);
			sourceTree = "<group>";
		};
		4C52791F277AAEC5005ACED0 /* Products */ = {
			isa = PBXGroup;
			children = (
				4C52791E277AAEC5005ACED0 /* JPApexPredators.app */,
			);
			name = Products;
			sourceTree = "<group>";
		};
		4C527920277AAEC5005ACED0 /* JPApexPredators */ = {
			isa = PBXGroup;
			children = (
				4CE6407B277BBD4800283058 /* App */,
				4C527944277AE5C8005ACED0 /* ViewModels */,
				4C527941277AE392005ACED0 /* MenuViews */,
				4C527938277ACB38005ACED0 /* Resources */,
				4C527935277AB076005ACED0 /* Models */,
				4C527930277AAEEC005ACED0 /* DetailView */,
				4C52792F277AAED4005ACED0 /* MainView */,
				4C527927277AAEC7005ACED0 /* Preview Content */,
			);
			path = JPApexPredators;
			sourceTree = "<group>";
		};
		4C527927277AAEC7005ACED0 /* Preview Content */ = {
			isa = PBXGroup;
			children = (
				4C527928277AAEC7005ACED0 /* Preview Assets.xcassets */,
			);
			path = "Preview Content";
			sourceTree = "<group>";
		};
		4C52792F277AAED4005ACED0 /* MainView */ = {
			isa = PBXGroup;
			children = (
				4C52793F277AD206005ACED0 /* ApexPredatorCell.swift */,
				4C527931277AAEF9005ACED0 /* MainView.swift */,
			);
			path = MainView;
			sourceTree = "<group>";
		};
		4C527930277AAEEC005ACED0 /* DetailView */ = {
			isa = PBXGroup;
			children = (
				4C527933277AAF04005ACED0 /* DetailView.swift */,
				4CE6408A277D54FA00283058 /* SceneDescriptionInfoView.swift */,
				4C116BB6277DA2FF005FEF5C /* DetailTopImageView.swift */,
			);
			path = DetailView;
			sourceTree = "<group>";
		};
		4C527935277AB076005ACED0 /* Models */ = {
			isa = PBXGroup;
			children = (
				4C527936277AB090005ACED0 /* ApexPredator.swift */,
				4CE64082277D2B4E00283058 /* MovieSceneDescription.swift */,
			);
			path = Models;
			sourceTree = "<group>";
		};
		4C527938277ACB38005ACED0 /* Resources */ = {
			isa = PBXGroup;
			children = (
				4C527939277ACB54005ACED0 /* ApexPredatorsData.swift */,
				4C527925277AAEC7005ACED0 /* Assets.xcassets */,
				4CE64088277D4EA100283058 /* ApexPredators.json */,
			);
			path = Resources;
			sourceTree = "<group>";
		};
		4C527941277AE392005ACED0 /* MenuViews */ = {
			isa = PBXGroup;
			children = (
				4C527942277AE3B4005ACED0 /* FilterMenuView.swift */,
				4C527947277B658D005ACED0 /* SortMenuView.swift */,
			);
			path = MenuViews;
			sourceTree = "<group>";
		};
		4C527944277AE5C8005ACED0 /* ViewModels */ = {
			isa = PBXGroup;
			children = (
				4C527945277AE5DF005ACED0 /* ApexPredatorsViewModel.swift */,
			);
			path = ViewModels;
			sourceTree = "<group>";
		};
		4CE6407B277BBD4800283058 /* App */ = {
			isa = PBXGroup;
			children = (
				4C527921277AAEC5005ACED0 /* JPApexPredatorsApp.swift */,
				4CE6408C277D5DB800283058 /* AppAppearence.swift */,
			);
			path = App;
			sourceTree = "<group>";
		};
/* End PBXGroup section */

/* Begin PBXNativeTarget section */
		4C52791D277AAEC5005ACED0 /* JPApexPredators */ = {
			isa = PBXNativeTarget;
			buildConfigurationList = 4C52792C277AAEC7005ACED0 /* Build configuration list for PBXNativeTarget "JPApexPredators" */;
			buildPhases = (
				4C52791A277AAEC5005ACED0 /* Sources */,
				4C52791B277AAEC5005ACED0 /* Frameworks */,
				4C52791C277AAEC5005ACED0 /* Resources */,
			);
			buildRules = (
			);
			dependencies = (
			);
			name = JPApexPredators;
			productName = JPApexPredators;
			productReference = 4C52791E277AAEC5005ACED0 /* JPApexPredators.app */;
			productType = "com.apple.product-type.application";
		};
/* End PBXNativeTarget section */

/* Begin PBXProject section */
		4C527916277AAEC5005ACED0 /* Project object */ = {
			isa = PBXProject;
			attributes = {
				BuildIndependentTargetsInParallel = 1;
				LastSwiftUpdateCheck = 1320;
				LastUpgradeCheck = 1320;
				TargetAttributes = {
					4C52791D277AAEC5005ACED0 = {
						CreatedOnToolsVersion = 13.2.1;
					};
				};
			};
			buildConfigurationList = 4C527919277AAEC5005ACED0 /* Build configuration list for PBXProject "JPApexPredators" */;
			compatibilityVersion = "Xcode 13.0";
			developmentRegion = en;
			hasScannedForEncodings = 0;
			knownRegions = (
				en,
				Base,
			);
			mainGroup = 4C527915277AAEC5005ACED0;
			productRefGroup = 4C52791F277AAEC5005ACED0 /* Products */;
			projectDirPath = "";
			projectRoot = "";
			targets = (
				4C52791D277AAEC5005ACED0 /* JPApexPredators */,
			);
		};
/* End PBXProject section */

/* Begin PBXResourcesBuildPhase section */
		4C52791C277AAEC5005ACED0 /* Resources */ = {
			isa = PBXResourcesBuildPhase;
			buildActionMask = 2147483647;
			files = (
				4CE64089277D4EA100283058 /* ApexPredators.json in Resources */,
				4C527929277AAEC7005ACED0 /* Preview Assets.xcassets in Resources */,
				4C527926277AAEC7005ACED0 /* Assets.xcassets in Resources */,
			);
			runOnlyForDeploymentPostprocessing = 0;
		};
/* End PBXResourcesBuildPhase section */

/* Begin PBXSourcesBuildPhase section */
		4C52791A277AAEC5005ACED0 /* Sources */ = {
			isa = PBXSourcesBuildPhase;
			buildActionMask = 2147483647;
			files = (
				4C527940277AD206005ACED0 /* ApexPredatorCell.swift in Sources */,
				4C52793A277ACB54005ACED0 /* ApexPredatorsData.swift in Sources */,
				4C527934277AAF04005ACED0 /* DetailView.swift in Sources */,
				4C527937277AB090005ACED0 /* ApexPredator.swift in Sources */,
				4CE6408B277D54FA00283058 /* SceneDescriptionInfoView.swift in Sources */,
				4C527943277AE3B4005ACED0 /* FilterMenuView.swift in Sources */,
				4C527932277AAEF9005ACED0 /* MainView.swift in Sources */,
				4C527948277B658D005ACED0 /* SortMenuView.swift in Sources */,
				4C527946277AE5DF005ACED0 /* ApexPredatorsViewModel.swift in Sources */,
				4CE6408D277D5DB800283058 /* AppAppearence.swift in Sources */,
				4CE64083277D2B4E00283058 /* MovieSceneDescription.swift in Sources */,
				4C116BB7277DA2FF005FEF5C /* DetailTopImageView.swift in Sources */,
				4C527922277AAEC5005ACED0 /* JPApexPredatorsApp.swift in Sources */,
			);
			runOnlyForDeploymentPostprocessing = 0;
		};
/* End PBXSourcesBuildPhase section */

/* Begin XCBuildConfiguration section */
		4C52792A277AAEC7005ACED0 /* Debug */ = {
			isa = XCBuildConfiguration;
			buildSettings = {
				ALWAYS_SEARCH_USER_PATHS = NO;
				CLANG_ANALYZER_NONNULL = YES;
				CLANG_ANALYZER_NUMBER_OBJECT_CONVERSION = YES_AGGRESSIVE;
				CLANG_CXX_LANGUAGE_STANDARD = "gnu++17";
				CLANG_CXX_LIBRARY = "libc++";
				CLANG_ENABLE_MODULES = YES;
				CLANG_ENABLE_OBJC_ARC = YES;
				CLANG_ENABLE_OBJC_WEAK = YES;
				CLANG_WARN_BLOCK_CAPTURE_AUTORELEASING = YES;
				CLANG_WARN_BOOL_CONVERSION = YES;
				CLANG_WARN_COMMA = YES;
				CLANG_WARN_CONSTANT_CONVERSION = YES;
				CLANG_WARN_DEPRECATED_OBJC_IMPLEMENTATIONS = YES;
				CLANG_WARN_DIRECT_OBJC_ISA_USAGE = YES_ERROR;
				CLANG_WARN_DOCUMENTATION_COMMENTS = YES;
				CLANG_WARN_EMPTY_BODY = YES;
				CLANG_WARN_ENUM_CONVERSION = YES;
				CLANG_WARN_INFINITE_RECURSION = YES;
				CLANG_WARN_INT_CONVERSION = YES;
				CLANG_WARN_NON_LITERAL_NULL_CONVERSION = YES;
				CLANG_WARN_OBJC_IMPLICIT_RETAIN_SELF = YES;
				CLANG_WARN_OBJC_LITERAL_CONVERSION = YES;
				CLANG_WARN_OBJC_ROOT_CLASS = YES_ERROR;
				CLANG_WARN_QUOTED_INCLUDE_IN_FRAMEWORK_HEADER = YES;
				CLANG_WARN_RANGE_LOOP_ANALYSIS = YES;
				CLANG_WARN_STRICT_PROTOTYPES = YES;
				CLANG_WARN_SUSPICIOUS_MOVE = YES;
				CLANG_WARN_UNGUARDED_AVAILABILITY = YES_AGGRESSIVE;
				CLANG_WARN_UNREACHABLE_CODE = YES;
				CLANG_WARN__DUPLICATE_METHOD_MATCH = YES;
				COPY_PHASE_STRIP = NO;
				DEBUG_INFORMATION_FORMAT = dwarf;
				ENABLE_STRICT_OBJC_MSGSEND = YES;
				ENABLE_TESTABILITY = YES;
				GCC_C_LANGUAGE_STANDARD = gnu11;
				GCC_DYNAMIC_NO_PIC = NO;
				GCC_NO_COMMON_BLOCKS = YES;
				GCC_OPTIMIZATION_LEVEL = 0;
				GCC_PREPROCESSOR_DEFINITIONS = (
					"DEBUG=1",
					"$(inherited)",
				);
				GCC_WARN_64_TO_32_BIT_CONVERSION = YES;
				GCC_WARN_ABOUT_RETURN_TYPE = YES_ERROR;
				GCC_WARN_UNDECLARED_SELECTOR = YES;
				GCC_WARN_UNINITIALIZED_AUTOS = YES_AGGRESSIVE;
				GCC_WARN_UNUSED_FUNCTION = YES;
				GCC_WARN_UNUSED_VARIABLE = YES;
				IPHONEOS_DEPLOYMENT_TARGET = 15.2;
				MTL_ENABLE_DEBUG_INFO = INCLUDE_SOURCE;
				MTL_FAST_MATH = YES;
				ONLY_ACTIVE_ARCH = YES;
				SDKROOT = iphoneos;
				SWIFT_ACTIVE_COMPILATION_CONDITIONS = DEBUG;
				SWIFT_OPTIMIZATION_LEVEL = "-Onone";
			};
			name = Debug;
		};
		4C52792B277AAEC7005ACED0 /* Release */ = {
			isa = XCBuildConfiguration;
			buildSettings = {
				ALWAYS_SEARCH_USER_PATHS = NO;
				CLANG_ANALYZER_NONNULL = YES;
				CLANG_ANALYZER_NUMBER_OBJECT_CONVERSION = YES_AGGRESSIVE;
				CLANG_CXX_LANGUAGE_STANDARD = "gnu++17";
				CLANG_CXX_LIBRARY = "libc++";
				CLANG_ENABLE_MODULES = YES;
				CLANG_ENABLE_OBJC_ARC = YES;
				CLANG_ENABLE_OBJC_WEAK = YES;
				CLANG_WARN_BLOCK_CAPTURE_AUTORELEASING = YES;
				CLANG_WARN_BOOL_CONVERSION = YES;
				CLANG_WARN_COMMA = YES;
				CLANG_WARN_CONSTANT_CONVERSION = YES;
				CLANG_WARN_DEPRECATED_OBJC_IMPLEMENTATIONS = YES;
				CLANG_WARN_DIRECT_OBJC_ISA_USAGE = YES_ERROR;
				CLANG_WARN_DOCUMENTATION_COMMENTS = YES;
				CLANG_WARN_EMPTY_BODY = YES;
				CLANG_WARN_ENUM_CONVERSION = YES;
				CLANG_WARN_INFINITE_RECURSION = YES;
				CLANG_WARN_INT_CONVERSION = YES;
				CLANG_WARN_NON_LITERAL_NULL_CONVERSION = YES;
				CLANG_WARN_OBJC_IMPLICIT_RETAIN_SELF = YES;
				CLANG_WARN_OBJC_LITERAL_CONVERSION = YES;
				CLANG_WARN_OBJC_ROOT_CLASS = YES_ERROR;
				CLANG_WARN_QUOTED_INCLUDE_IN_FRAMEWORK_HEADER = YES;
				CLANG_WARN_RANGE_LOOP_ANALYSIS = YES;
				CLANG_WARN_STRICT_PROTOTYPES = YES;
				CLANG_WARN_SUSPICIOUS_MOVE = YES;
				CLANG_WARN_UNGUARDED_AVAILABILITY = YES_AGGRESSIVE;
				CLANG_WARN_UNREACHABLE_CODE = YES;
				CLANG_WARN__DUPLICATE_METHOD_MATCH = YES;
				COPY_PHASE_STRIP = NO;
				DEBUG_INFORMATION_FORMAT = "dwarf-with-dsym";
				ENABLE_NS_ASSERTIONS = NO;
				ENABLE_STRICT_OBJC_MSGSEND = YES;
				GCC_C_LANGUAGE_STANDARD = gnu11;
				GCC_NO_COMMON_BLOCKS = YES;
				GCC_WARN_64_TO_32_BIT_CONVERSION = YES;
				GCC_WARN_ABOUT_RETURN_TYPE = YES_ERROR;
				GCC_WARN_UNDECLARED_SELECTOR = YES;
				GCC_WARN_UNINITIALIZED_AUTOS = YES_AGGRESSIVE;
				GCC_WARN_UNUSED_FUNCTION = YES;
				GCC_WARN_UNUSED_VARIABLE = YES;
				IPHONEOS_DEPLOYMENT_TARGET = 15.2;
				MTL_ENABLE_DEBUG_INFO = NO;
				MTL_FAST_MATH = YES;
				SDKROOT = iphoneos;
				SWIFT_COMPILATION_MODE = wholemodule;
				SWIFT_OPTIMIZATION_LEVEL = "-O";
				VALIDATE_PRODUCT = YES;
			};
			name = Release;
		};
		4C52792D277AAEC7005ACED0 /* Debug */ = {
			isa = XCBuildConfiguration;
			buildSettings = {
				ASSETCATALOG_COMPILER_APPICON_NAME = AppIcon;
				ASSETCATALOG_COMPILER_GLOBAL_ACCENT_COLOR_NAME = AccentColor;
				CODE_SIGN_STYLE = Automatic;
				CURRENT_PROJECT_VERSION = 1;
				DEVELOPMENT_ASSET_PATHS = "\"JPApexPredators/Preview Content\"";
				DEVELOPMENT_TEAM = V5X7HQSSM6;
				ENABLE_PREVIEWS = YES;
				GENERATE_INFOPLIST_FILE = YES;
				INFOPLIST_KEY_UIApplicationSceneManifest_Generation = YES;
				INFOPLIST_KEY_UIApplicationSupportsIndirectInputEvents = YES;
				INFOPLIST_KEY_UILaunchScreen_Generation = YES;
				INFOPLIST_KEY_UISupportedInterfaceOrientations = "UIInterfaceOrientationPortrait UIInterfaceOrientationPortraitUpsideDown UIInterfaceOrientationLandscapeLeft UIInterfaceOrientationLandscapeRight";
				INFOPLIST_KEY_UISupportedInterfaceOrientations_iPad = "UIInterfaceOrientationPortrait UIInterfaceOrientationPortraitUpsideDown UIInterfaceOrientationLandscapeLeft UIInterfaceOrientationLandscapeRight";
				INFOPLIST_KEY_UISupportedInterfaceOrientations_iPhone = "UIInterfaceOrientationPortrait UIInterfaceOrientationLandscapeLeft UIInterfaceOrientationLandscapeRight";
				LD_RUNPATH_SEARCH_PATHS = (
					"$(inherited)",
					"@executable_path/Frameworks",
				);
				MARKETING_VERSION = 1.0;
				PRODUCT_BUNDLE_IDENTIFIER = com.CosmicRayBitFlip.JPApexPredators;
				PRODUCT_NAME = "$(TARGET_NAME)";
				SWIFT_EMIT_LOC_STRINGS = YES;
				SWIFT_VERSION = 5.0;
				TARGETED_DEVICE_FAMILY = "1,2";
			};
			name = Debug;
		};
		4C52792E277AAEC7005ACED0 /* Release */ = {
			isa = XCBuildConfiguration;
			buildSettings = {
				ASSETCATALOG_COMPILER_APPICON_NAME = AppIcon;
				ASSETCATALOG_COMPILER_GLOBAL_ACCENT_COLOR_NAME = AccentColor;
				CODE_SIGN_STYLE = Automatic;
				CURRENT_PROJECT_VERSION = 1;
				DEVELOPMENT_ASSET_PATHS = "\"JPApexPredators/Preview Content\"";
				DEVELOPMENT_TEAM = V5X7HQSSM6;
				ENABLE_PREVIEWS = YES;
				GENERATE_INFOPLIST_FILE = YES;
				INFOPLIST_KEY_UIApplicationSceneManifest_Generation = YES;
				INFOPLIST_KEY_UIApplicationSupportsIndirectInputEvents = YES;
				INFOPLIST_KEY_UILaunchScreen_Generation = YES;
				INFOPLIST_KEY_UISupportedInterfaceOrientations = "UIInterfaceOrientationPortrait UIInterfaceOrientationPortraitUpsideDown UIInterfaceOrientationLandscapeLeft UIInterfaceOrientationLandscapeRight";
				INFOPLIST_KEY_UISupportedInterfaceOrientations_iPad = "UIInterfaceOrientationPortrait UIInterfaceOrientationPortraitUpsideDown UIInterfaceOrientationLandscapeLeft UIInterfaceOrientationLandscapeRight";
				INFOPLIST_KEY_UISupportedInterfaceOrientations_iPhone = "UIInterfaceOrientationPortrait UIInterfaceOrientationLandscapeLeft UIInterfaceOrientationLandscapeRight";
				LD_RUNPATH_SEARCH_PATHS = (
					"$(inherited)",
					"@executable_path/Frameworks",
				);
				MARKETING_VERSION = 1.0;
				PRODUCT_BUNDLE_IDENTIFIER = com.CosmicRayBitFlip.JPApexPredators;
				PRODUCT_NAME = "$(TARGET_NAME)";
				SWIFT_EMIT_LOC_STRINGS = YES;
				SWIFT_VERSION = 5.0;
				TARGETED_DEVICE_FAMILY = "1,2";
			};
			name = Release;
		};
/* End XCBuildConfiguration section */

/* Begin XCConfigurationList section */
		4C527919277AAEC5005ACED0 /* Build configuration list for PBXProject "JPApexPredators" */ = {
			isa = XCConfigurationList;
			buildConfigurations = (
				4C52792A277AAEC7005ACED0 /* Debug */,
				4C52792B277AAEC7005ACED0 /* Release */,
			);
			defaultConfigurationIsVisible = 0;
			defaultConfigurationName = Release;
		};
		4C52792C277AAEC7005ACED0 /* Build configuration list for PBXNativeTarget "JPApexPredators" */ = {
			isa = XCConfigurationList;
			buildConfigurations = (
				4C52792D277AAEC7005ACED0 /* Debug */,
				4C52792E277AAEC7005ACED0 /* Release */,
			);
			defaultConfigurationIsVisible = 0;
			defaultConfigurationName = Release;
		};
/* End XCConfigurationList section */
	};
	rootObject = 4C527916277AAEC5005ACED0 /* Project object */;
}
